
Microsoft Visual Studio Solution File, Format Version 12.00
# Visual Studio Version 16
VisualStudioVersion = 16.0.29411.108
MinimumVisualStudioVersion = 10.0.40219.1
Project("{9A19103F-16F7-4668-BE54-9A1E7A4F7556}") = "Navred.Core", "Navred.Core\Navred.Core.csproj", "{ABA47EB8-0565-482E-B01F-DD3B25E567E3}"
EndProject
Project("{9A19103F-16F7-4668-BE54-9A1E7A4F7556}") = "Navred.Providers.Bulgaria.Boydevi", "Navred.Providers.Bulgaria.Boydevi\Navred.Providers.Bulgaria.Boydevi.csproj", "{48F66462-804A-443D-9DAB-1AA654059010}"
EndProject
Project("{9A19103F-16F7-4668-BE54-9A1E7A4F7556}") = "Navred.Providers.Bulgaria.Boydevi.Tests", "Navred.Providers.Bulgaria.Boydevi.Tests\Navred.Providers.Bulgaria.Boydevi.Tests.csproj", "{B871458F-3640-435E-A19E-674DF859FFAD}"
EndProject
Project("{9A19103F-16F7-4668-BE54-9A1E7A4F7556}") = "Navred.Api", "Navred.Api\Navred.Api.csproj", "{67898FAC-926B-4577-B371-EE783C537C62}"
EndProject
Project("{9A19103F-16F7-4668-BE54-9A1E7A4F7556}") = "Navred.Api.Tests", "Navred.Api.Tests\Navred.Api.Tests.csproj", "{62B3DC7B-E6BD-4788-A7A4-767FEECD6C06}"
EndProject
Global
	GlobalSection(SolutionConfigurationPlatforms) = preSolution
		Debug|Any CPU = Debug|Any CPU
		Release|Any CPU = Release|Any CPU
	EndGlobalSection
	GlobalSection(ProjectConfigurationPlatforms) = postSolution
		{ABA47EB8-0565-482E-B01F-DD3B25E567E3}.Debug|Any CPU.ActiveCfg = Debug|Any CPU
		{ABA47EB8-0565-482E-B01F-DD3B25E567E3}.Debug|Any CPU.Build.0 = Debug|Any CPU
		{ABA47EB8-0565-482E-B01F-DD3B25E567E3}.Release|Any CPU.ActiveCfg = Release|Any CPU
		{ABA47EB8-0565-482E-B01F-DD3B25E567E3}.Release|Any CPU.Build.0 = Release|Any CPU
		{48F66462-804A-443D-9DAB-1AA654059010}.Debug|Any CPU.ActiveCfg = Debug|Any CPU
		{48F66462-804A-443D-9DAB-1AA654059010}.Debug|Any CPU.Build.0 = Debug|Any CPU
		{48F66462-804A-443D-9DAB-1AA654059010}.Release|Any CPU.ActiveCfg = Release|Any CPU
		{48F66462-804A-443D-9DAB-1AA654059010}.Release|Any CPU.Build.0 = Release|Any CPU
		{B871458F-3640-435E-A19E-674DF859FFAD}.Debug|Any CPU.ActiveCfg = Debug|Any CPU
		{B871458F-3640-435E-A19E-674DF859FFAD}.Debug|Any CPU.Build.0 = Debug|Any CPU
		{B871458F-3640-435E-A19E-674DF859FFAD}.Release|Any CPU.ActiveCfg = Release|Any CPU
		{B871458F-3640-435E-A19E-674DF859FFAD}.Release|Any CPU.Build.0 = Release|Any CPU
		{67898FAC-926B-4577-B371-EE783C537C62}.Debug|Any CPU.ActiveCfg = Debug|Any CPU
		{67898FAC-926B-4577-B371-EE783C537C62}.Debug|Any CPU.Build.0 = Debug|Any CPU
		{67898FAC-926B-4577-B371-EE783C537C62}.Release|Any CPU.ActiveCfg = Release|Any CPU
		{67898FAC-926B-4577-B371-EE783C537C62}.Release|Any CPU.Build.0 = Release|Any CPU
		{62B3DC7B-E6BD-4788-A7A4-767FEECD6C06}.Debug|Any CPU.ActiveCfg = Debug|Any CPU
		{62B3DC7B-E6BD-4788-A7A4-767FEECD6C06}.Debug|Any CPU.Build.0 = Debug|Any CPU
		{62B3DC7B-E6BD-4788-A7A4-767FEECD6C06}.Release|Any CPU.ActiveCfg = Release|Any CPU
		{62B3DC7B-E6BD-4788-A7A4-767FEECD6C06}.Release|Any CPU.Build.0 = Release|Any CPU
	EndGlobalSection
	GlobalSection(SolutionProperties) = preSolution
		HideSolutionNode = FALSE
	EndGlobalSection
	GlobalSection(ExtensibilityGlobals) = postSolution
		SolutionGuid = {BD7440F3-BFA0-4EA4-B722-708A9E1660F7}
	EndGlobalSection
EndGlobal
